
Microsoft Visual Studio Solution File, Format Version 12.00
# Visual Studio Version 17
VisualStudioVersion = 17.2.32526.322
MinimumVisualStudioVersion = 10.0.40219.1
Project("{9A19103F-16F7-4668-BE54-9A1E7A4F7556}") = "ConsoleProgram", "ConsoleProgram.csproj", "{515430DE-DEF6-4838-8AF0-5646BF7AB9FF}"
EndProject
Project("{9A19103F-16F7-4668-BE54-9A1E7A4F7556}") = "ConsoleProgram2", "..\ConsoleProgram2\ConsoleProgram2.csproj", "{3D7C4A8D-DD98-49B6-8FE6-F6E048726B47}"
EndProject
Project("{9A19103F-16F7-4668-BE54-9A1E7A4F7556}") = "ConsoleProgram3", "..\ConsoleProgram3\ConsoleProgram3.csproj", "{D0187619-51BF-495B-A7EC-9DF4F747ED52}"
EndProject
Project("{FAE04EC0-301F-11D3-BF4B-00C04F79EFBC}") = "ConsoleProgram4", "..\ConsoleProgram4\ConsoleProgram4.csproj", "{EC6CDFBA-FBB8-41CB-84BA-4B5F984AD077}"
EndProject
Global
	GlobalSection(SolutionConfigurationPlatforms) = preSolution
		Debug|Any CPU = Debug|Any CPU
		Release|Any CPU = Release|Any CPU
	EndGlobalSection
	GlobalSection(ProjectConfigurationPlatforms) = postSolution
		{515430DE-DEF6-4838-8AF0-5646BF7AB9FF}.Debug|Any CPU.ActiveCfg = Debug|Any CPU
		{515430DE-DEF6-4838-8AF0-5646BF7AB9FF}.Debug|Any CPU.Build.0 = Debug|Any CPU
		{515430DE-DEF6-4838-8AF0-5646BF7AB9FF}.Release|Any CPU.ActiveCfg = Release|Any CPU
		{515430DE-DEF6-4838-8AF0-5646BF7AB9FF}.Release|Any CPU.Build.0 = Release|Any CPU
		{3D7C4A8D-DD98-49B6-8FE6-F6E048726B47}.Debug|Any CPU.ActiveCfg = Debug|Any CPU
		{3D7C4A8D-DD98-49B6-8FE6-F6E048726B47}.Debug|Any CPU.Build.0 = Debug|Any CPU
		{3D7C4A8D-DD98-49B6-8FE6-F6E048726B47}.Release|Any CPU.ActiveCfg = Release|Any CPU
		{3D7C4A8D-DD98-49B6-8FE6-F6E048726B47}.Release|Any CPU.Build.0 = Release|Any CPU
		{D0187619-51BF-495B-A7EC-9DF4F747ED52}.Debug|Any CPU.ActiveCfg = Debug|Any CPU
		{D0187619-51BF-495B-A7EC-9DF4F747ED52}.Debug|Any CPU.Build.0 = Debug|Any CPU
		{D0187619-51BF-495B-A7EC-9DF4F747ED52}.Release|Any CPU.ActiveCfg = Release|Any CPU
		{D0187619-51BF-495B-A7EC-9DF4F747ED52}.Release|Any CPU.Build.0 = Release|Any CPU
		{EC6CDFBA-FBB8-41CB-84BA-4B5F984AD077}.Debug|Any CPU.ActiveCfg = Debug|Any CPU
		{EC6CDFBA-FBB8-41CB-84BA-4B5F984AD077}.Debug|Any CPU.Build.0 = Debug|Any CPU
		{EC6CDFBA-FBB8-41CB-84BA-4B5F984AD077}.Release|Any CPU.ActiveCfg = Release|Any CPU
		{EC6CDFBA-FBB8-41CB-84BA-4B5F984AD077}.Release|Any CPU.Build.0 = Release|Any CPU
	EndGlobalSection
	GlobalSection(SolutionProperties) = preSolution
		HideSolutionNode = FALSE
	EndGlobalSection
	GlobalSection(ExtensibilityGlobals) = postSolution
		SolutionGuid = {8DB6FD5D-D069-4FC4-9C68-7DD1AF05BD05}
	EndGlobalSection
EndGlobal
